
Microsoft Visual Studio Solution File, Format Version 12.00
# Visual Studio Version 17
VisualStudioVersion = 17.0.31919.166
MinimumVisualStudioVersion = 10.0.40219.1
Project("{FAE04EC0-301F-11D3-BF4B-00C04F79EFBC}") = "C_Sharp_Mobile_APP_Xamarin_Forms.UWP", "C_Sharp_Mobile_APP_Xamarin_Forms\C_Sharp_Mobile_APP_Xamarin_Forms.UWP\C_Sharp_Mobile_APP_Xamarin_Forms.UWP.csproj", "{1E1B76A4-41DD-4870-9CDF-EF76A95FECC5}"
EndProject
Project("{FAE04EC0-301F-11D3-BF4B-00C04F79EFBC}") = "C_Sharp_Mobile_APP_Xamarin_Forms.Android", "C_Sharp_Mobile_APP_Xamarin_Forms\C_Sharp_Mobile_APP_Xamarin_Forms.Android\C_Sharp_Mobile_APP_Xamarin_Forms.Android.csproj", "{57F136A7-35A1-44B6-A79E-E2CB8D9A1597}"
EndProject
Project("{FAE04EC0-301F-11D3-BF4B-00C04F79EFBC}") = "C_Sharp_Mobile_APP_Xamarin_Forms.iOS", "C_Sharp_Mobile_APP_Xamarin_Forms\C_Sharp_Mobile_APP_Xamarin_Forms.iOS\C_Sharp_Mobile_APP_Xamarin_Forms.iOS.csproj", "{F871747F-34B7-4EC1-82B3-126874AF9652}"
EndProject
Project("{FAE04EC0-301F-11D3-BF4B-00C04F79EFBC}") = "C_Sharp_Mobile_APP_Xamarin_Forms", "C_Sharp_Mobile_APP_Xamarin_Forms\C_Sharp_Mobile_APP_Xamarin_Forms\C_Sharp_Mobile_APP_Xamarin_Forms.csproj", "{1896E429-83D2-4E8E-B637-BAABC727C754}"
EndProject
Global
	GlobalSection(SolutionConfigurationPlatforms) = preSolution
		Debug|Any CPU = Debug|Any CPU
		Debug|ARM = Debug|ARM
		Debug|iPhone = Debug|iPhone
		Debug|iPhoneSimulator = Debug|iPhoneSimulator
		Debug|x64 = Debug|x64
		Debug|x86 = Debug|x86
		Release|Any CPU = Release|Any CPU
		Release|ARM = Release|ARM
		Release|iPhone = Release|iPhone
		Release|iPhoneSimulator = Release|iPhoneSimulator
		Release|x64 = Release|x64
		Release|x86 = Release|x86
	EndGlobalSection
	GlobalSection(ProjectConfigurationPlatforms) = postSolution
		{1E1B76A4-41DD-4870-9CDF-EF76A95FECC5}.Debug|Any CPU.ActiveCfg = Debug|x64
		{1E1B76A4-41DD-4870-9CDF-EF76A95FECC5}.Debug|Any CPU.Build.0 = Debug|x64
		{1E1B76A4-41DD-4870-9CDF-EF76A95FECC5}.Debug|Any CPU.Deploy.0 = Debug|x64
		{1E1B76A4-41DD-4870-9CDF-EF76A95FECC5}.Debug|ARM.ActiveCfg = Debug|ARM
		{1E1B76A4-41DD-4870-9CDF-EF76A95FECC5}.Debug|ARM.Build.0 = Debug|ARM
		{1E1B76A4-41DD-4870-9CDF-EF76A95FECC5}.Debug|ARM.Deploy.0 = Debug|ARM
		{1E1B76A4-41DD-4870-9CDF-EF76A95FECC5}.Debug|iPhone.ActiveCfg = Debug|x64
		{1E1B76A4-41DD-4870-9CDF-EF76A95FECC5}.Debug|iPhone.Build.0 = Debug|x64
		{1E1B76A4-41DD-4870-9CDF-EF76A95FECC5}.Debug|iPhone.Deploy.0 = Debug|x64
		{1E1B76A4-41DD-4870-9CDF-EF76A95FECC5}.Debug|iPhoneSimulator.ActiveCfg = Debug|x64
		{1E1B76A4-41DD-4870-9CDF-EF76A95FECC5}.Debug|iPhoneSimulator.Build.0 = Debug|x64
		{1E1B76A4-41DD-4870-9CDF-EF76A95FECC5}.Debug|iPhoneSimulator.Deploy.0 = Debug|x64
		{1E1B76A4-41DD-4870-9CDF-EF76A95FECC5}.Debug|x64.ActiveCfg = Debug|x64
		{1E1B76A4-41DD-4870-9CDF-EF76A95FECC5}.Debug|x64.Build.0 = Debug|x64
		{1E1B76A4-41DD-4870-9CDF-EF76A95FECC5}.Debug|x64.Deploy.0 = Debug|x64
		{1E1B76A4-41DD-4870-9CDF-EF76A95FECC5}.Debug|x86.ActiveCfg = Debug|x86
		{1E1B76A4-41DD-4870-9CDF-EF76A95FECC5}.Debug|x86.Build.0 = Debug|x86
		{1E1B76A4-41DD-4870-9CDF-EF76A95FECC5}.Debug|x86.Deploy.0 = Debug|x86
		{1E1B76A4-41DD-4870-9CDF-EF76A95FECC5}.Release|Any CPU.ActiveCfg = Release|x64
		{1E1B76A4-41DD-4870-9CDF-EF76A95FECC5}.Release|Any CPU.Build.0 = Release|x64
		{1E1B76A4-41DD-4870-9CDF-EF76A95FECC5}.Release|Any CPU.Deploy.0 = Release|x64
		{1E1B76A4-41DD-4870-9CDF-EF76A95FECC5}.Release|ARM.ActiveCfg = Release|ARM
		{1E1B76A4-41DD-4870-9CDF-EF76A95FECC5}.Release|ARM.Build.0 = Release|ARM
		{1E1B76A4-41DD-4870-9CDF-EF76A95FECC5}.Release|ARM.Deploy.0 = Release|ARM
		{1E1B76A4-41DD-4870-9CDF-EF76A95FECC5}.Release|iPhone.ActiveCfg = Release|x64
		{1E1B76A4-41DD-4870-9CDF-EF76A95FECC5}.Release|iPhone.Build.0 = Release|x64
		{1E1B76A4-41DD-4870-9CDF-EF76A95FECC5}.Release|iPhone.Deploy.0 = Release|x64
		{1E1B76A4-41DD-4870-9CDF-EF76A95FECC5}.Release|iPhoneSimulator.ActiveCfg = Release|x64
		{1E1B76A4-41DD-4870-9CDF-EF76A95FECC5}.Release|iPhoneSimulator.Build.0 = Release|x64
		{1E1B76A4-41DD-4870-9CDF-EF76A95FECC5}.Release|iPhoneSimulator.Deploy.0 = Release|x64
		{1E1B76A4-41DD-4870-9CDF-EF76A95FECC5}.Release|x64.ActiveCfg = Release|x64
		{1E1B76A4-41DD-4870-9CDF-EF76A95FECC5}.Release|x64.Build.0 = Release|x64
		{1E1B76A4-41DD-4870-9CDF-EF76A95FECC5}.Release|x64.Deploy.0 = Release|x64
		{1E1B76A4-41DD-4870-9CDF-EF76A95FECC5}.Release|x86.ActiveCfg = Release|x86
		{1E1B76A4-41DD-4870-9CDF-EF76A95FECC5}.Release|x86.Build.0 = Release|x86
		{1E1B76A4-41DD-4870-9CDF-EF76A95FECC5}.Release|x86.Deploy.0 = Release|x86
		{57F136A7-35A1-44B6-A79E-E2CB8D9A1597}.Debug|Any CPU.ActiveCfg = Debug|Any CPU
		{57F136A7-35A1-44B6-A79E-E2CB8D9A1597}.Debug|Any CPU.Build.0 = Debug|Any CPU
		{57F136A7-35A1-44B6-A79E-E2CB8D9A1597}.Debug|Any CPU.Deploy.0 = Debug|Any CPU
		{57F136A7-35A1-44B6-A79E-E2CB8D9A1597}.Debug|ARM.ActiveCfg = Debug|Any CPU
		{57F136A7-35A1-44B6-A79E-E2CB8D9A1597}.Debug|ARM.Build.0 = Debug|Any CPU
		{57F136A7-35A1-44B6-A79E-E2CB8D9A1597}.Debug|ARM.Deploy.0 = Debug|Any CPU
		{57F136A7-35A1-44B6-A79E-E2CB8D9A1597}.Debug|iPhone.ActiveCfg = Debug|Any CPU
		{57F136A7-35A1-44B6-A79E-E2CB8D9A1597}.Debug|iPhone.Build.0 = Debug|Any CPU
		{57F136A7-35A1-44B6-A79E-E2CB8D9A1597}.Debug|iPhone.Deploy.0 = Debug|Any CPU
		{57F136A7-35A1-44B6-A79E-E2CB8D9A1597}.Debug|iPhoneSimulator.ActiveCfg = Debug|Any CPU
		{57F136A7-35A1-44B6-A79E-E2CB8D9A1597}.Debug|iPhoneSimulator.Build.0 = Debug|Any CPU
		{57F136A7-35A1-44B6-A79E-E2CB8D9A1597}.Debug|iPhoneSimulator.Deploy.0 = Debug|Any CPU
		{57F136A7-35A1-44B6-A79E-E2CB8D9A1597}.Debug|x64.ActiveCfg = Debug|Any CPU
		{57F136A7-35A1-44B6-A79E-E2CB8D9A1597}.Debug|x64.Build.0 = Debug|Any CPU
		{57F136A7-35A1-44B6-A79E-E2CB8D9A1597}.Debug|x64.Deploy.0 = Debug|Any CPU
		{57F136A7-35A1-44B6-A79E-E2CB8D9A1597}.Debug|x86.ActiveCfg = Debug|Any CPU
		{57F136A7-35A1-44B6-A79E-E2CB8D9A1597}.Debug|x86.Build.0 = Debug|Any CPU
		{57F136A7-35A1-44B6-A79E-E2CB8D9A1597}.Debug|x86.Deploy.0 = Debug|Any CPU
		{57F136A7-35A1-44B6-A79E-E2CB8D9A1597}.Release|Any CPU.ActiveCfg = Release|Any CPU
		{57F136A7-35A1-44B6-A79E-E2CB8D9A1597}.Release|Any CPU.Build.0 = Release|Any CPU
		{57F136A7-35A1-44B6-A79E-E2CB8D9A1597}.Release|Any CPU.Deploy.0 = Release|Any CPU
		{57F136A7-35A1-44B6-A79E-E2CB8D9A1597}.Release|ARM.ActiveCfg = Release|Any CPU
		{57F136A7-35A1-44B6-A79E-E2CB8D9A1597}.Release|ARM.Build.0 = Release|Any CPU
		{57F136A7-35A1-44B6-A79E-E2CB8D9A1597}.Release|ARM.Deploy.0 = Release|Any CPU
		{57F136A7-35A1-44B6-A79E-E2CB8D9A1597}.Release|iPhone.ActiveCfg = Release|Any CPU
		{57F136A7-35A1-44B6-A79E-E2CB8D9A1597}.Release|iPhone.Build.0 = Release|Any CPU
		{57F136A7-35A1-44B6-A79E-E2CB8D9A1597}.Release|iPhone.Deploy.0 = Release|Any CPU
		{57F136A7-35A1-44B6-A79E-E2CB8D9A1597}.Release|iPhoneSimulator.ActiveCfg = Release|Any CPU
		{57F136A7-35A1-44B6-A79E-E2CB8D9A1597}.Release|iPhoneSimulator.Build.0 = Release|Any CPU
		{57F136A7-35A1-44B6-A79E-E2CB8D9A1597}.Release|iPhoneSimulator.Deploy.0 = Release|Any CPU
		{57F136A7-35A1-44B6-A79E-E2CB8D9A1597}.Release|x64.ActiveCfg = Release|Any CPU
		{57F136A7-35A1-44B6-A79E-E2CB8D9A1597}.Release|x64.Build.0 = Release|Any CPU
		{57F136A7-35A1-44B6-A79E-E2CB8D9A1597}.Release|x64.Deploy.0 = Release|Any CPU
		{57F136A7-35A1-44B6-A79E-E2CB8D9A1597}.Release|x86.ActiveCfg = Release|Any CPU
		{57F136A7-35A1-44B6-A79E-E2CB8D9A1597}.Release|x86.Build.0 = Release|Any CPU
		{57F136A7-35A1-44B6-A79E-E2CB8D9A1597}.Release|x86.Deploy.0 = Release|Any CPU
		{F871747F-34B7-4EC1-82B3-126874AF9652}.Debug|Any CPU.ActiveCfg = Debug|iPhoneSimulator
		{F871747F-34B7-4EC1-82B3-126874AF9652}.Debug|Any CPU.Build.0 = Debug|iPhoneSimulator
		{F871747F-34B7-4EC1-82B3-126874AF9652}.Debug|Any CPU.Deploy.0 = Debug|iPhoneSimulator
		{F871747F-34B7-4EC1-82B3-126874AF9652}.Debug|ARM.ActiveCfg = Debug|iPhoneSimulator
		{F871747F-34B7-4EC1-82B3-126874AF9652}.Debug|ARM.Build.0 = Debug|iPhoneSimulator
		{F871747F-34B7-4EC1-82B3-126874AF9652}.Debug|ARM.Deploy.0 = Debug|iPhoneSimulator
		{F871747F-34B7-4EC1-82B3-126874AF9652}.Debug|iPhone.ActiveCfg = Debug|iPhone
		{F871747F-34B7-4EC1-82B3-126874AF9652}.Debug|iPhone.Build.0 = Debug|iPhone
		{F871747F-34B7-4EC1-82B3-126874AF9652}.Debug|iPhone.Deploy.0 = Debug|iPhone
		{F871747F-34B7-4EC1-82B3-126874AF9652}.Debug|iPhoneSimulator.ActiveCfg = Debug|iPhoneSimulator
		{F871747F-34B7-4EC1-82B3-126874AF9652}.Debug|iPhoneSimulator.Build.0 = Debug|iPhoneSimulator
		{F871747F-34B7-4EC1-82B3-126874AF9652}.Debug|iPhoneSimulator.Deploy.0 = Debug|iPhoneSimulator
		{F871747F-34B7-4EC1-82B3-126874AF9652}.Debug|x64.ActiveCfg = Debug|iPhone
		{F871747F-34B7-4EC1-82B3-126874AF9652}.Debug|x64.Build.0 = Debug|iPhone
		{F871747F-34B7-4EC1-82B3-126874AF9652}.Debug|x64.Deploy.0 = Debug|iPhone
		{F871747F-34B7-4EC1-82B3-126874AF9652}.Debug|x86.ActiveCfg = Debug|iPhoneSimulator
		{F871747F-34B7-4EC1-82B3-126874AF9652}.Debug|x86.Build.0 = Debug|iPhoneSimulator
		{F871747F-34B7-4EC1-82B3-126874AF9652}.Debug|x86.Deploy.0 = Debug|iPhoneSimulator
		{F871747F-34B7-4EC1-82B3-126874AF9652}.Release|Any CPU.ActiveCfg = Release|iPhoneSimulator
		{F871747F-34B7-4EC1-82B3-126874AF9652}.Release|Any CPU.Build.0 = Release|iPhoneSimulator
		{F871747F-34B7-4EC1-82B3-126874AF9652}.Release|Any CPU.Deploy.0 = Release|iPhoneSimulator
		{F871747F-34B7-4EC1-82B3-126874AF9652}.Release|ARM.ActiveCfg = Release|iPhoneSimulator
		{F871747F-34B7-4EC1-82B3-126874AF9652}.Release|ARM.Build.0 = Release|iPhoneSimulator
		{F871747F-34B7-4EC1-82B3-126874AF9652}.Release|ARM.Deploy.0 = Release|iPhoneSimulator
		{F871747F-34B7-4EC1-82B3-126874AF9652}.Release|iPhone.ActiveCfg = Release|iPhone
		{F871747F-34B7-4EC1-82B3-126874AF9652}.Release|iPhone.Build.0 = Release|iPhone
		{F871747F-34B7-4EC1-82B3-126874AF9652}.Release|iPhone.Deploy.0 = Release|iPhone
		{F871747F-34B7-4EC1-82B3-126874AF9652}.Release|iPhoneSimulator.ActiveCfg = Release|iPhoneSimulator
		{F871747F-34B7-4EC1-82B3-126874AF9652}.Release|iPhoneSimulator.Build.0 = Release|iPhoneSimulator
		{F871747F-34B7-4EC1-82B3-126874AF9652}.Release|iPhoneSimulator.Deploy.0 = Release|iPhoneSimulator
		{F871747F-34B7-4EC1-82B3-126874AF9652}.Release|x64.ActiveCfg = Release|iPhoneSimulator
		{F871747F-34B7-4EC1-82B3-126874AF9652}.Release|x64.Build.0 = Release|iPhoneSimulator
		{F871747F-34B7-4EC1-82B3-126874AF9652}.Release|x64.Deploy.0 = Release|iPhoneSimulator
		{F871747F-34B7-4EC1-82B3-126874AF9652}.Release|x86.ActiveCfg = Release|iPhoneSimulator
		{F871747F-34B7-4EC1-82B3-126874AF9652}.Release|x86.Build.0 = Release|iPhoneSimulator
		{F871747F-34B7-4EC1-82B3-126874AF9652}.Release|x86.Deploy.0 = Release|iPhoneSimulator
		{1896E429-83D2-4E8E-B637-BAABC727C754}.Debug|Any CPU.ActiveCfg = Debug|Any CPU
		{1896E429-83D2-4E8E-B637-BAABC727C754}.Debug|Any CPU.Build.0 = Debug|Any CPU
		{1896E429-83D2-4E8E-B637-BAABC727C754}.Debug|Any CPU.Deploy.0 = Debug|Any CPU
		{1896E429-83D2-4E8E-B637-BAABC727C754}.Debug|ARM.ActiveCfg = Debug|Any CPU
		{1896E429-83D2-4E8E-B637-BAABC727C754}.Debug|ARM.Build.0 = Debug|Any CPU
		{1896E429-83D2-4E8E-B637-BAABC727C754}.Debug|ARM.Deploy.0 = Debug|Any CPU
		{1896E429-83D2-4E8E-B637-BAABC727C754}.Debug|iPhone.ActiveCfg = Debug|Any CPU
		{1896E429-83D2-4E8E-B637-BAABC727C754}.Debug|iPhone.Build.0 = Debug|Any CPU
		{1896E429-83D2-4E8E-B637-BAABC727C754}.Debug|iPhone.Deploy.0 = Debug|Any CPU
		{1896E429-83D2-4E8E-B637-BAABC727C754}.Debug|iPhoneSimulator.ActiveCfg = Debug|Any CPU
		{1896E429-83D2-4E8E-B637-BAABC727C754}.Debug|iPhoneSimulator.Build.0 = Debug|Any CPU
		{1896E429-83D2-4E8E-B637-BAABC727C754}.Debug|iPhoneSimulator.Deploy.0 = Debug|Any CPU
		{1896E429-83D2-4E8E-B637-BAABC727C754}.Debug|x64.ActiveCfg = Debug|Any CPU
		{1896E429-83D2-4E8E-B637-BAABC727C754}.Debug|x64.Build.0 = Debug|Any CPU
		{1896E429-83D2-4E8E-B637-BAABC727C754}.Debug|x64.Deploy.0 = Debug|Any CPU
		{1896E429-83D2-4E8E-B637-BAABC727C754}.Debug|x86.ActiveCfg = Debug|Any CPU
		{1896E429-83D2-4E8E-B637-BAABC727C754}.Debug|x86.Build.0 = Debug|Any CPU
		{1896E429-83D2-4E8E-B637-BAABC727C754}.Debug|x86.Deploy.0 = Debug|Any CPU
		{1896E429-83D2-4E8E-B637-BAABC727C754}.Release|Any CPU.ActiveCfg = Release|Any CPU
		{1896E429-83D2-4E8E-B637-BAABC727C754}.Release|Any CPU.Build.0 = Release|Any CPU
		{1896E429-83D2-4E8E-B637-BAABC727C754}.Release|Any CPU.Deploy.0 = Release|Any CPU
		{1896E429-83D2-4E8E-B637-BAABC727C754}.Release|ARM.ActiveCfg = Release|Any CPU
		{1896E429-83D2-4E8E-B637-BAABC727C754}.Release|ARM.Build.0 = Release|Any CPU
		{1896E429-83D2-4E8E-B637-BAABC727C754}.Release|ARM.Deploy.0 = Release|Any CPU
		{1896E429-83D2-4E8E-B637-BAABC727C754}.Release|iPhone.ActiveCfg = Release|Any CPU
		{1896E429-83D2-4E8E-B637-BAABC727C754}.Release|iPhone.Build.0 = Release|Any CPU
		{1896E429-83D2-4E8E-B637-BAABC727C754}.Release|iPhone.Deploy.0 = Release|Any CPU
		{1896E429-83D2-4E8E-B637-BAABC727C754}.Release|iPhoneSimulator.ActiveCfg = Release|Any CPU
		{1896E429-83D2-4E8E-B637-BAABC727C754}.Release|iPhoneSimulator.Build.0 = Release|Any CPU
		{1896E429-83D2-4E8E-B637-BAABC727C754}.Release|iPhoneSimulator.Deploy.0 = Release|Any CPU
		{1896E429-83D2-4E8E-B637-BAABC727C754}.Release|x64.ActiveCfg = Release|Any CPU
		{1896E429-83D2-4E8E-B637-BAABC727C754}.Release|x64.Build.0 = Release|Any CPU
		{1896E429-83D2-4E8E-B637-BAABC727C754}.Release|x64.Deploy.0 = Release|Any CPU
		{1896E429-83D2-4E8E-B637-BAABC727C754}.Release|x86.ActiveCfg = Release|Any CPU
		{1896E429-83D2-4E8E-B637-BAABC727C754}.Release|x86.Build.0 = Release|Any CPU
		{1896E429-83D2-4E8E-B637-BAABC727C754}.Release|x86.Deploy.0 = Release|Any CPU
	EndGlobalSection
	GlobalSection(SolutionProperties) = preSolution
		HideSolutionNode = FALSE
	EndGlobalSection
	GlobalSection(ExtensibilityGlobals) = postSolution
		SolutionGuid = {9B13303C-7DD0-49C9-A709-567019A96D9C}
	EndGlobalSection
EndGlobal
